
Microsoft Visual Studio Solution File, Format Version 12.00
# Visual Studio Version 16
VisualStudioVersion = 16.0.31321.278
MinimumVisualStudioVersion = 10.0.40219.1
Project("{9A19103F-16F7-4668-BE54-9A1E7A4F7556}") = "TinyReceipt", "TinyReceipt\TinyReceipt.csproj", "{CBBF7EDD-054D-4538-B4F6-269382E5414E}"
EndProject
Project("{FAE04EC0-301F-11D3-BF4B-00C04F79EFBC}") = "NUnitTinyReceipt", "NUnitTinyReceipt\NUnitTinyReceipt.csproj", "{CC76CA31-E1D7-46B4-B435-9833DF1FC090}"
EndProject
Global
	GlobalSection(SolutionConfigurationPlatforms) = preSolution
		Debug|Any CPU = Debug|Any CPU
		Release|Any CPU = Release|Any CPU
	EndGlobalSection
	GlobalSection(ProjectConfigurationPlatforms) = postSolution
		{CBBF7EDD-054D-4538-B4F6-269382E5414E}.Debug|Any CPU.ActiveCfg = Debug|Any CPU
		{CBBF7EDD-054D-4538-B4F6-269382E5414E}.Debug|Any CPU.Build.0 = Debug|Any CPU
		{CBBF7EDD-054D-4538-B4F6-269382E5414E}.Release|Any CPU.ActiveCfg = Release|Any CPU
		{CBBF7EDD-054D-4538-B4F6-269382E5414E}.Release|Any CPU.Build.0 = Release|Any CPU
		{CC76CA31-E1D7-46B4-B435-9833DF1FC090}.Debug|Any CPU.ActiveCfg = Debug|Any CPU
		{CC76CA31-E1D7-46B4-B435-9833DF1FC090}.Debug|Any CPU.Build.0 = Debug|Any CPU
		{CC76CA31-E1D7-46B4-B435-9833DF1FC090}.Release|Any CPU.ActiveCfg = Release|Any CPU
		{CC76CA31-E1D7-46B4-B435-9833DF1FC090}.Release|Any CPU.Build.0 = Release|Any CPU
	EndGlobalSection
	GlobalSection(SolutionProperties) = preSolution
		HideSolutionNode = FALSE
	EndGlobalSection
	GlobalSection(ExtensibilityGlobals) = postSolution
		SolutionGuid = {597B91F5-D78F-4075-A612-79148219638D}
	EndGlobalSection
EndGlobal
